{
  "version": 4,
  "terraform_version": "1.5.7",
  "serial": 42,
  "lineage": "ad6e3dd3-4701-b0e2-7b99-cf5f474cfe0b",
  "outputs": {
    "load_balancer_ip": {
      "value": "34.111.73.143",
      "type": "string"
    },
    "nameservers": {
      "value": [
        "ns-cloud-b1.googledomains.com.",
        "ns-cloud-b2.googledomains.com.",
        "ns-cloud-b3.googledomains.com.",
        "ns-cloud-b4.googledomains.com."
      ],
      "type": [
        "list",
        "string"
      ]
    }
  },
  "resources": [
    {
      "mode": "data",
      "type": "google_dns_managed_zone",
      "name": "default",
      "provider": "provider[\"registry.terraform.io/hashicorp/google\"]",
      "instances": [
        {
          "schema_version": 0,
          "attributes": {
            "description": "",
            "dns_name": "sdfingfd.xyz.",
            "id": "projects/load-balancing-experiment/managedZones/sdfingfd-xyz-zone",
            "managed_zone_id": 3233422284925361015,
            "name": "sdfingfd-xyz-zone",
            "name_servers": [
              "ns-cloud-b1.googledomains.com.",
              "ns-cloud-b2.googledomains.com.",
              "ns-cloud-b3.googledomains.com.",
              "ns-cloud-b4.googledomains.com."
            ],
            "project": "load-balancing-experiment",
            "visibility": "public"
          },
          "sensitive_attributes": []
        }
      ]
    },
    {
      "mode": "managed",
      "type": "google_cloud_run_service_iam_member",
      "name": "backend_invoker",
      "provider": "provider[\"registry.terraform.io/hashicorp/google\"]",
      "instances": []
    },
    {
      "mode": "managed",
      "type": "google_cloud_run_v2_service",
      "name": "frontend",
      "provider": "provider[\"registry.terraform.io/hashicorp/google\"]",
      "instances": []
    },
    {
      "mode": "managed",
      "type": "google_compute_backend_service",
      "name": "default",
      "provider": "provider[\"registry.terraform.io/hashicorp/google\"]",
      "instances": []
    },
    {
      "mode": "managed",
      "type": "google_compute_global_address",
      "name": "default",
      "provider": "provider[\"registry.terraform.io/hashicorp/google\"]",
      "instances": [
        {
          "schema_version": 0,
          "attributes": {
            "address": "34.111.73.143",
            "address_type": "EXTERNAL",
            "creation_timestamp": "2025-03-30T01:08:09.466-07:00",
            "description": "",
            "id": "projects/load-balancing-experiment/global/addresses/weather-app-ip",
            "ip_version": "",
            "name": "weather-app-ip",
            "network": "",
            "prefix_length": 0,
            "project": "load-balancing-experiment",
            "purpose": "",
            "self_link": "https://www.googleapis.com/compute/v1/projects/load-balancing-experiment/global/addresses/weather-app-ip",
            "timeouts": null
          },
          "sensitive_attributes": [],
          "private": "eyJlMmJmYjczMC1lY2FhLTExZTYtOGY4OC0zNDM2M2JjN2M0YzAiOnsiY3JlYXRlIjoxMjAwMDAwMDAwMDAwLCJkZWxldGUiOjEyMDAwMDAwMDAwMDB9fQ=="
        }
      ]
    },
    {
      "mode": "managed",
      "type": "google_compute_global_forwarding_rule",
      "name": "default",
      "provider": "provider[\"registry.terraform.io/hashicorp/google\"]",
      "instances": []
    },
    {
      "mode": "managed",
      "type": "google_compute_global_forwarding_rule",
      "name": "http_redirect",
      "provider": "provider[\"registry.terraform.io/hashicorp/google\"]",
      "instances": [
        {
          "schema_version": 0,
          "attributes": {
            "base_forwarding_rule": "",
            "description": "",
            "id": "projects/load-balancing-experiment/global/forwardingRules/weather-app-http-redirect-rule",
            "ip_address": "34.111.73.143",
            "ip_protocol": "TCP",
            "ip_version": "",
            "label_fingerprint": "42WmSpB8rSM=",
            "labels": {},
            "load_balancing_scheme": "EXTERNAL_MANAGED",
            "metadata_filters": [],
            "name": "weather-app-http-redirect-rule",
            "network": "",
            "no_automate_dns_zone": null,
            "port_range": "80-80",
            "project": "load-balancing-experiment",
            "psc_connection_id": "",
            "psc_connection_status": "",
            "self_link": "https://www.googleapis.com/compute/v1/projects/load-balancing-experiment/global/forwardingRules/weather-app-http-redirect-rule",
            "source_ip_ranges": [],
            "subnetwork": "",
            "target": "https://www.googleapis.com/compute/v1/projects/load-balancing-experiment/global/targetHttpProxies/weather-app-http-redirect-proxy",
            "timeouts": null
          },
          "sensitive_attributes": [],
          "private": "eyJlMmJmYjczMC1lY2FhLTExZTYtOGY4OC0zNDM2M2JjN2M0YzAiOnsiY3JlYXRlIjoxMjAwMDAwMDAwMDAwLCJkZWxldGUiOjEyMDAwMDAwMDAwMDAsInVwZGF0ZSI6MTIwMDAwMDAwMDAwMH19",
          "dependencies": [
            "google_compute_global_address.default",
            "google_compute_target_http_proxy.http_redirect",
            "google_compute_url_map.http_redirect"
          ]
        }
      ]
    },
    {
      "mode": "managed",
      "type": "google_compute_managed_ssl_certificate",
      "name": "default",
      "provider": "provider[\"registry.terraform.io/hashicorp/google\"]",
      "instances": [
        {
          "schema_version": 0,
          "attributes": {
            "certificate_id": 8219584908113498346,
            "creation_timestamp": "2025-03-30T18:21:10.037-07:00",
            "description": "",
            "expire_time": "",
            "id": "projects/load-balancing-experiment/global/sslCertificates/weather-app-cert",
            "managed": [
              {
                "domains": [
                  "sdfingfd.xyz"
                ]
              }
            ],
            "name": "weather-app-cert",
            "project": "load-balancing-experiment",
            "self_link": "https://www.googleapis.com/compute/v1/projects/load-balancing-experiment/global/sslCertificates/weather-app-cert",
            "subject_alternative_names": [],
            "timeouts": null,
            "type": "MANAGED"
          },
          "sensitive_attributes": [],
          "private": "eyJlMmJmYjczMC1lY2FhLTExZTYtOGY4OC0zNDM2M2JjN2M0YzAiOnsiY3JlYXRlIjoxODAwMDAwMDAwMDAwLCJkZWxldGUiOjE4MDAwMDAwMDAwMDB9fQ=="
        }
      ]
    },
    {
      "mode": "managed",
      "type": "google_compute_network",
      "name": "vpc_network",
      "provider": "provider[\"registry.terraform.io/hashicorp/google\"]",
      "instances": [
        {
          "schema_version": 0,
          "attributes": {
            "auto_create_subnetworks": false,
            "delete_default_routes_on_create": false,
            "description": "",
            "enable_ula_internal_ipv6": false,
            "gateway_ipv4": "",
            "id": "projects/load-balancing-experiment/global/networks/weather-app-vpc",
            "internal_ipv6_range": "",
            "mtu": 0,
            "name": "weather-app-vpc",
            "network_firewall_policy_enforcement_order": "AFTER_CLASSIC_FIREWALL",
            "project": "load-balancing-experiment",
            "routing_mode": "REGIONAL",
            "self_link": "https://www.googleapis.com/compute/v1/projects/load-balancing-experiment/global/networks/weather-app-vpc",
            "timeouts": null
          },
          "sensitive_attributes": [],
          "private": "eyJlMmJmYjczMC1lY2FhLTExZTYtOGY4OC0zNDM2M2JjN2M0YzAiOnsiY3JlYXRlIjoxMjAwMDAwMDAwMDAwLCJkZWxldGUiOjEyMDAwMDAwMDAwMDAsInVwZGF0ZSI6MTIwMDAwMDAwMDAwMH19"
        }
      ]
    },
    {
      "mode": "managed",
      "type": "google_compute_region_network_endpoint_group",
      "name": "cloudrun_neg",
      "provider": "provider[\"registry.terraform.io/hashicorp/google\"]",
      "instances": []
    },
    {
      "mode": "managed",
      "type": "google_compute_router",
      "name": "router",
      "provider": "provider[\"registry.terraform.io/hashicorp/google\"]",
      "instances": [
        {
          "schema_version": 0,
          "attributes": {
            "bgp": [],
            "creation_timestamp": "2025-03-30T01:08:21.555-07:00",
            "description": "",
            "encrypted_interconnect_router": false,
            "id": "projects/load-balancing-experiment/regions/us-central1/routers/weather-app-router",
            "name": "weather-app-router",
            "network": "https://www.googleapis.com/compute/v1/projects/load-balancing-experiment/global/networks/weather-app-vpc",
            "project": "load-balancing-experiment",
            "region": "us-central1",
            "self_link": "https://www.googleapis.com/compute/v1/projects/load-balancing-experiment/regions/us-central1/routers/weather-app-router",
            "timeouts": null
          },
          "sensitive_attributes": [],
          "private": "eyJlMmJmYjczMC1lY2FhLTExZTYtOGY4OC0zNDM2M2JjN2M0YzAiOnsiY3JlYXRlIjoxMjAwMDAwMDAwMDAwLCJkZWxldGUiOjEyMDAwMDAwMDAwMDAsInVwZGF0ZSI6MTIwMDAwMDAwMDAwMH19",
          "dependencies": [
            "google_compute_network.vpc_network"
          ]
        }
      ]
    },
    {
      "mode": "managed",
      "type": "google_compute_router_nat",
      "name": "nat",
      "provider": "provider[\"registry.terraform.io/hashicorp/google\"]",
      "instances": [
        {
          "schema_version": 0,
          "attributes": {
            "drain_nat_ips": [],
            "enable_dynamic_port_allocation": false,
            "enable_endpoint_independent_mapping": true,
            "icmp_idle_timeout_sec": 30,
            "id": "load-balancing-experiment/us-central1/weather-app-router/weather-app-nat",
            "log_config": [],
            "max_ports_per_vm": 0,
            "min_ports_per_vm": 0,
            "name": "weather-app-nat",
            "nat_ip_allocate_option": "AUTO_ONLY",
            "nat_ips": [],
            "project": "load-balancing-experiment",
            "region": "us-central1",
            "router": "weather-app-router",
            "rules": [],
            "source_subnetwork_ip_ranges_to_nat": "ALL_SUBNETWORKS_ALL_IP_RANGES",
            "subnetwork": [],
            "tcp_established_idle_timeout_sec": 1200,
            "tcp_time_wait_timeout_sec": 120,
            "tcp_transitory_idle_timeout_sec": 30,
            "timeouts": null,
            "udp_idle_timeout_sec": 30
          },
          "sensitive_attributes": [],
          "private": "eyJlMmJmYjczMC1lY2FhLTExZTYtOGY4OC0zNDM2M2JjN2M0YzAiOnsiY3JlYXRlIjoxMjAwMDAwMDAwMDAwLCJkZWxldGUiOjEyMDAwMDAwMDAwMDAsInVwZGF0ZSI6MTIwMDAwMDAwMDAwMH19",
          "dependencies": [
            "google_compute_network.vpc_network",
            "google_compute_router.router"
          ]
        }
      ]
    },
    {
      "mode": "managed",
      "type": "google_compute_subnetwork",
      "name": "subnet",
      "provider": "provider[\"registry.terraform.io/hashicorp/google\"]",
      "instances": [
        {
          "schema_version": 0,
          "attributes": {
            "creation_timestamp": "2025-03-30T01:08:22.736-07:00",
            "description": "",
            "external_ipv6_prefix": "",
            "fingerprint": null,
            "gateway_address": "10.0.0.1",
            "id": "projects/load-balancing-experiment/regions/us-central1/subnetworks/weather-app-subnet",
            "internal_ipv6_prefix": "",
            "ip_cidr_range": "10.0.0.0/24",
            "ipv6_access_type": "",
            "ipv6_cidr_range": "",
            "log_config": [],
            "name": "weather-app-subnet",
            "network": "https://www.googleapis.com/compute/v1/projects/load-balancing-experiment/global/networks/weather-app-vpc",
            "private_ip_google_access": false,
            "private_ipv6_google_access": "DISABLE_GOOGLE_ACCESS",
            "project": "load-balancing-experiment",
            "purpose": "PRIVATE",
            "region": "us-central1",
            "role": "",
            "secondary_ip_range": [],
            "self_link": "https://www.googleapis.com/compute/v1/projects/load-balancing-experiment/regions/us-central1/subnetworks/weather-app-subnet",
            "stack_type": "IPV4_ONLY",
            "timeouts": null
          },
          "sensitive_attributes": [],
          "private": "eyJlMmJmYjczMC1lY2FhLTExZTYtOGY4OC0zNDM2M2JjN2M0YzAiOnsiY3JlYXRlIjoxMjAwMDAwMDAwMDAwLCJkZWxldGUiOjEyMDAwMDAwMDAwMDAsInVwZGF0ZSI6MTIwMDAwMDAwMDAwMH19",
          "dependencies": [
            "google_compute_network.vpc_network"
          ]
        }
      ]
    },
    {
      "mode": "managed",
      "type": "google_compute_target_http_proxy",
      "name": "http_redirect",
      "provider": "provider[\"registry.terraform.io/hashicorp/google\"]",
      "instances": [
        {
          "schema_version": 0,
          "attributes": {
            "creation_timestamp": "2025-03-30T01:08:21.007-07:00",
            "description": "",
            "http_keep_alive_timeout_sec": 0,
            "id": "projects/load-balancing-experiment/global/targetHttpProxies/weather-app-http-redirect-proxy",
            "name": "weather-app-http-redirect-proxy",
            "project": "load-balancing-experiment",
            "proxy_bind": false,
            "proxy_id": 6230581150994482459,
            "self_link": "https://www.googleapis.com/compute/v1/projects/load-balancing-experiment/global/targetHttpProxies/weather-app-http-redirect-proxy",
            "timeouts": null,
            "url_map": "https://www.googleapis.com/compute/v1/projects/load-balancing-experiment/global/urlMaps/weather-app-http-redirect"
          },
          "sensitive_attributes": [],
          "private": "eyJlMmJmYjczMC1lY2FhLTExZTYtOGY4OC0zNDM2M2JjN2M0YzAiOnsiY3JlYXRlIjoxMjAwMDAwMDAwMDAwLCJkZWxldGUiOjEyMDAwMDAwMDAwMDAsInVwZGF0ZSI6MTIwMDAwMDAwMDAwMH19",
          "dependencies": [
            "google_compute_url_map.http_redirect"
          ]
        }
      ]
    },
    {
      "mode": "managed",
      "type": "google_compute_target_https_proxy",
      "name": "default",
      "provider": "provider[\"registry.terraform.io/hashicorp/google\"]",
      "instances": []
    },
    {
      "mode": "managed",
      "type": "google_compute_url_map",
      "name": "default",
      "provider": "provider[\"registry.terraform.io/hashicorp/google\"]",
      "instances": []
    },
    {
      "mode": "managed",
      "type": "google_compute_url_map",
      "name": "http_redirect",
      "provider": "provider[\"registry.terraform.io/hashicorp/google\"]",
      "instances": [
        {
          "schema_version": 0,
          "attributes": {
            "creation_timestamp": "2025-03-30T01:08:09.580-07:00",
            "default_route_action": [],
            "default_service": "",
            "default_url_redirect": [
              {
                "host_redirect": "",
                "https_redirect": true,
                "path_redirect": "",
                "prefix_redirect": "",
                "redirect_response_code": "MOVED_PERMANENTLY_DEFAULT",
                "strip_query": false
              }
            ],
            "description": "",
            "fingerprint": "Zz7KkqIBMSQ=",
            "header_action": [],
            "host_rule": [],
            "id": "projects/load-balancing-experiment/global/urlMaps/weather-app-http-redirect",
            "map_id": 1361783551116526854,
            "name": "weather-app-http-redirect",
            "path_matcher": [],
            "project": "load-balancing-experiment",
            "self_link": "https://www.googleapis.com/compute/v1/projects/load-balancing-experiment/global/urlMaps/weather-app-http-redirect",
            "test": [],
            "timeouts": null
          },
          "sensitive_attributes": [],
          "private": "eyJlMmJmYjczMC1lY2FhLTExZTYtOGY4OC0zNDM2M2JjN2M0YzAiOnsiY3JlYXRlIjoxMjAwMDAwMDAwMDAwLCJkZWxldGUiOjEyMDAwMDAwMDAwMDAsInVwZGF0ZSI6MTIwMDAwMDAwMDAwMH19"
        }
      ]
    },
    {
      "mode": "managed",
      "type": "google_dns_record_set",
      "name": "a",
      "provider": "provider[\"registry.terraform.io/hashicorp/google\"]",
      "instances": [
        {
          "schema_version": 0,
          "attributes": {
            "id": "projects/load-balancing-experiment/managedZones/sdfingfd-xyz-zone/rrsets/sdfingfd.xyz./A",
            "managed_zone": "sdfingfd-xyz-zone",
            "name": "sdfingfd.xyz.",
            "project": "load-balancing-experiment",
            "routing_policy": [],
            "rrdatas": [
              "34.111.73.143"
            ],
            "ttl": 300,
            "type": "A"
          },
          "sensitive_attributes": [],
          "private": "bnVsbA==",
          "dependencies": [
            "data.google_dns_managed_zone.default",
            "google_compute_global_address.default"
          ]
        }
      ]
    },
    {
      "mode": "managed",
      "type": "google_dns_record_set",
      "name": "cname",
      "provider": "provider[\"registry.terraform.io/hashicorp/google\"]",
      "instances": [
        {
          "schema_version": 0,
          "attributes": {
            "id": "projects/load-balancing-experiment/managedZones/sdfingfd-xyz-zone/rrsets/www.sdfingfd.xyz./CNAME",
            "managed_zone": "sdfingfd-xyz-zone",
            "name": "www.sdfingfd.xyz.",
            "project": "load-balancing-experiment",
            "routing_policy": [],
            "rrdatas": [
              "sdfingfd.xyz."
            ],
            "ttl": 300,
            "type": "CNAME"
          },
          "sensitive_attributes": [],
          "private": "bnVsbA==",
          "dependencies": [
            "data.google_dns_managed_zone.default"
          ]
        }
      ]
    },
    {
      "mode": "managed",
      "type": "google_iap_client",
      "name": "default",
      "provider": "provider[\"registry.terraform.io/hashicorp/google\"]",
      "instances": []
    },
    {
      "mode": "managed",
      "type": "google_iap_web_backend_service_iam_member",
      "name": "member",
      "provider": "provider[\"registry.terraform.io/hashicorp/google\"]",
      "instances": []
    },
    {
      "mode": "managed",
      "type": "google_project_iam_member",
      "name": "cloud_run_sa_roles",
      "provider": "provider[\"registry.terraform.io/hashicorp/google\"]",
      "instances": [
        {
          "index_key": "roles/cloudtrace.agent",
          "schema_version": 0,
          "attributes": {
            "condition": [],
            "etag": "BwYxlGRZhJk=",
            "id": "load-balancing-experiment/roles/cloudtrace.agent/serviceAccount:weather-app-run-sa@load-balancing-experiment.iam.gserviceaccount.com",
            "member": "serviceAccount:weather-app-run-sa@load-balancing-experiment.iam.gserviceaccount.com",
            "project": "load-balancing-experiment",
            "role": "roles/cloudtrace.agent"
          },
          "sensitive_attributes": [],
          "private": "bnVsbA==",
          "dependencies": [
            "google_service_account.cloud_run_sa"
          ]
        },
        {
          "index_key": "roles/logging.logWriter",
          "schema_version": 0,
          "attributes": {
            "condition": [],
            "etag": "BwYxlGRZhJk=",
            "id": "load-balancing-experiment/roles/logging.logWriter/serviceAccount:weather-app-run-sa@load-balancing-experiment.iam.gserviceaccount.com",
            "member": "serviceAccount:weather-app-run-sa@load-balancing-experiment.iam.gserviceaccount.com",
            "project": "load-balancing-experiment",
            "role": "roles/logging.logWriter"
          },
          "sensitive_attributes": [],
          "private": "bnVsbA==",
          "dependencies": [
            "google_service_account.cloud_run_sa"
          ]
        },
        {
          "index_key": "roles/monitoring.metricWriter",
          "schema_version": 0,
          "attributes": {
            "condition": [],
            "etag": "BwYxlGRZhJk=",
            "id": "load-balancing-experiment/roles/monitoring.metricWriter/serviceAccount:weather-app-run-sa@load-balancing-experiment.iam.gserviceaccount.com",
            "member": "serviceAccount:weather-app-run-sa@load-balancing-experiment.iam.gserviceaccount.com",
            "project": "load-balancing-experiment",
            "role": "roles/monitoring.metricWriter"
          },
          "sensitive_attributes": [],
          "private": "bnVsbA==",
          "dependencies": [
            "google_service_account.cloud_run_sa"
          ]
        }
      ]
    },
    {
      "mode": "managed",
      "type": "google_service_account",
      "name": "cloud_run_sa",
      "provider": "provider[\"registry.terraform.io/hashicorp/google\"]",
      "instances": [
        {
          "schema_version": 0,
          "attributes": {
            "account_id": "weather-app-run-sa",
            "description": "",
            "disabled": false,
            "display_name": "Service Account for Weather App Cloud Run Services",
            "email": "weather-app-run-sa@load-balancing-experiment.iam.gserviceaccount.com",
            "id": "projects/load-balancing-experiment/serviceAccounts/weather-app-run-sa@load-balancing-experiment.iam.gserviceaccount.com",
            "member": "serviceAccount:weather-app-run-sa@load-balancing-experiment.iam.gserviceaccount.com",
            "name": "projects/load-balancing-experiment/serviceAccounts/weather-app-run-sa@load-balancing-experiment.iam.gserviceaccount.com",
            "project": "load-balancing-experiment",
            "timeouts": null,
            "unique_id": "112672743993053273472"
          },
          "sensitive_attributes": [],
          "private": "eyJlMmJmYjczMC1lY2FhLTExZTYtOGY4OC0zNDM2M2JjN2M0YzAiOnsiY3JlYXRlIjozMDAwMDAwMDAwMDB9fQ=="
        }
      ]
    },
    {
      "mode": "managed",
      "type": "google_vpc_access_connector",
      "name": "connector",
      "provider": "provider[\"registry.terraform.io/hashicorp/google\"]",
      "instances": [
        {
          "schema_version": 0,
          "attributes": {
            "connected_projects": [],
            "id": "projects/load-balancing-experiment/locations/us-central1/connectors/weather-app-connector",
            "ip_cidr_range": "10.8.0.0/28",
            "machine_type": "e2-micro",
            "max_instances": 3,
            "max_throughput": 300,
            "min_instances": 2,
            "min_throughput": 200,
            "name": "weather-app-connector",
            "network": "weather-app-vpc",
            "project": "load-balancing-experiment",
            "region": "us-central1",
            "self_link": "projects/load-balancing-experiment/locations/us-central1/connectors/weather-app-connector",
            "state": "READY",
            "subnet": [],
            "timeouts": null
          },
          "sensitive_attributes": [],
          "private": "eyJlMmJmYjczMC1lY2FhLTExZTYtOGY4OC0zNDM2M2JjN2M0YzAiOnsiY3JlYXRlIjoxMjAwMDAwMDAwMDAwLCJkZWxldGUiOjEyMDAwMDAwMDAwMDB9fQ==",
          "dependencies": [
            "google_compute_network.vpc_network"
          ]
        }
      ]
    }
  ],
  "check_results": null
}
